{
  "name": "npm",
  "version": "1.0.0",
  "lockfileVersion": 2,
  "requires": true,
  "packages": {
    "": {
      "name": "npm",
      "version": "1.0.0",
      "license": "ISC",
      "dependencies": {
        "colors": "^1.4.0",
        "nerds": "^1.3.6",
        "superb": "^4.0.0"
      }
    },
    "node_modules/colors": {
      "version": "1.4.0",
      "resolved": "https://registry.npmjs.org/colors/-/colors-1.4.0.tgz",
      "integrity": "sha512-a+UqTh4kgZg/SlGvfbzDHpgRu7AAQOmmqRHJnxhRZICKFUT91brVhNNt58CMWU9PsBbv3PDCZUHbVxuDiH2mtA==",
      "engines": {
        "node": ">=0.1.90"
      }
    },
    "node_modules/lodash": {
      "version": "4.13.1",
      "resolved": "https://registry.npmjs.org/lodash/-/lodash-4.13.1.tgz",
      "integrity": "sha512-j/GRONYpkXt1aB1bQHzkq0Th7zhv/syoDVrzCDA3FDMntIin0b7TjXi62q9juDC+QfhRs9COr0LFW38vQSH9Tg=="
    },
    "node_modules/nerds": {
      "version": "1.3.6",
      "resolved": "https://registry.npmjs.org/nerds/-/nerds-1.3.6.tgz",
      "integrity": "sha512-8ZVIex4sl0w2k4F9kJyQIYbogJ6M42zKgm+t9UgX5iDGqqVogrtTN/dDfQ/5d5NUoOu70TKDULn90JhWBjrQRw==",
      "dependencies": {
        "lodash": "4.13.1"
      }
    },
    "node_modules/superb": {
      "version": "4.0.0",
      "resolved": "https://registry.npmjs.org/superb/-/superb-4.0.0.tgz",
      "integrity": "sha512-4Kie62y4kBxNGXXWJAVR63sdQlswBZq2G/x1d37pRQbjqfhIH1WPhirZFHZUpI76uCDrFnxej0F3NtEy1/H+OQ==",
      "dependencies": {
        "unique-random-array": "^2.0.0"
      },
      "engines": {
        "node": ">=8"
      }
    },
    "node_modules/unique-random": {
      "version": "2.1.0",
      "resolved": "https://registry.npmjs.org/unique-random/-/unique-random-2.1.0.tgz",
      "integrity": "sha512-iQ1ZgWac3b8YxGThecQFRQiqgk6xFERRwHZIWeVVsqlbmgCRl0PY13R4mUkodNgctmg5b5odG1nyW/IbOxQTqg==",
      "engines": {
        "node": ">=6"
      }
    },
    "node_modules/unique-random-array": {
      "version": "2.0.0",
      "resolved": "https://registry.npmjs.org/unique-random-array/-/unique-random-array-2.0.0.tgz",
      "integrity": "sha512-xR87O95fZ7hljw84J8r1YDXrvffPLWN513BNOP4Bv0KcgG5dyEUrHwsvP7mVAOKg4Y80uqRbpUk0GKr8il70qg==",
      "dependencies": {
        "unique-random": "^2.1.0"
      },
      "engines": {
        "node": ">=8"
      }
    }
  },
  "dependencies": {
    "colors": {
      "version": "1.4.0",
      "resolved": "https://registry.npmjs.org/colors/-/colors-1.4.0.tgz",
      "integrity": "sha512-a+UqTh4kgZg/SlGvfbzDHpgRu7AAQOmmqRHJnxhRZICKFUT91brVhNNt58CMWU9PsBbv3PDCZUHbVxuDiH2mtA=="
    },
    "lodash": {
      "version": "4.13.1",
      "resolved": "https://registry.npmjs.org/lodash/-/lodash-4.13.1.tgz",
      "integrity": "sha512-j/GRONYpkXt1aB1bQHzkq0Th7zhv/syoDVrzCDA3FDMntIin0b7TjXi62q9juDC+QfhRs9COr0LFW38vQSH9Tg=="
    },
    "nerds": {
      "version": "1.3.6",
      "resolved": "https://registry.npmjs.org/nerds/-/nerds-1.3.6.tgz",
      "integrity": "sha512-8ZVIex4sl0w2k4F9kJyQIYbogJ6M42zKgm+t9UgX5iDGqqVogrtTN/dDfQ/5d5NUoOu70TKDULn90JhWBjrQRw==",
      "requires": {
        "lodash": "4.13.1"
      }
    },
    "superb": {
      "version": "4.0.0",
      "resolved": "https://registry.npmjs.org/superb/-/superb-4.0.0.tgz",
      "integrity": "sha512-4Kie62y4kBxNGXXWJAVR63sdQlswBZq2G/x1d37pRQbjqfhIH1WPhirZFHZUpI76uCDrFnxej0F3NtEy1/H+OQ==",
      "requires": {
        "unique-random-array": "^2.0.0"
      }
    },
    "unique-random": {
      "version": "2.1.0",
      "resolved": "https://registry.npmjs.org/unique-random/-/unique-random-2.1.0.tgz",
      "integrity": "sha512-iQ1ZgWac3b8YxGThecQFRQiqgk6xFERRwHZIWeVVsqlbmgCRl0PY13R4mUkodNgctmg5b5odG1nyW/IbOxQTqg=="
    },
    "unique-random-array": {
      "version": "2.0.0",
      "resolved": "https://registry.npmjs.org/unique-random-array/-/unique-random-array-2.0.0.tgz",
      "integrity": "sha512-xR87O95fZ7hljw84J8r1YDXrvffPLWN513BNOP4Bv0KcgG5dyEUrHwsvP7mVAOKg4Y80uqRbpUk0GKr8il70qg==",
      "requires": {
        "unique-random": "^2.1.0"
      }
    }
  }
}
